
Microsoft Visual Studio Solution File, Format Version 12.00
# Visual Studio Version 17
VisualStudioVersion = 17.0.31903.59
MinimumVisualStudioVersion = 10.0.40219.1
Project("{FAE04EC0-301F-11D3-BF4B-00C04F79EFBC}") = "SkyRoute.Domain", "SkyRoute.Domain\SkyRoute.Domain.csproj", "{0B665BCB-298B-48C3-8B8E-B92DD3DD5EA2}"
EndProject
Project("{FAE04EC0-301F-11D3-BF4B-00C04F79EFBC}") = "SkyRoute.Application", "SkyRoute.Application\SkyRoute.Application.csproj", "{A9FCD795-F3A1-4E27-974D-C592E9B2453B}"
EndProject
Project("{FAE04EC0-301F-11D3-BF4B-00C04F79EFBC}") = "SkyRoute.Infrastructure", "SkyRoute.Infrastructure\SkyRoute.Infrastructure.csproj", "{13D4AFDD-3620-4065-A283-709C85DD23EE}"
EndProject
Project("{FAE04EC0-301F-11D3-BF4B-00C04F79EFBC}") = "SkyRoute.API", "SkyRoute.API\SkyRoute.API.csproj", "{EF148F9C-ED9B-4B14-A74F-05E66AECB2C7}"
EndProject
Project("{FAE04EC0-301F-11D3-BF4B-00C04F79EFBC}") = "SkyRoute.Tests", "SkyRoute.Tests\SkyRoute.Tests.csproj", "{FB4AEF56-72AA-41DC-9138-49219B16C012}"
EndProject
Global
	GlobalSection(SolutionConfigurationPlatforms) = preSolution
		Debug|Any CPU = Debug|Any CPU
		Debug|x64 = Debug|x64
		Debug|x86 = Debug|x86
		Release|Any CPU = Release|Any CPU
		Release|x64 = Release|x64
		Release|x86 = Release|x86
	EndGlobalSection
	GlobalSection(ProjectConfigurationPlatforms) = postSolution
		{0B665BCB-298B-48C3-8B8E-B92DD3DD5EA2}.Debug|Any CPU.ActiveCfg = Debug|Any CPU
		{0B665BCB-298B-48C3-8B8E-B92DD3DD5EA2}.Debug|Any CPU.Build.0 = Debug|Any CPU
		{0B665BCB-298B-48C3-8B8E-B92DD3DD5EA2}.Debug|x64.ActiveCfg = Debug|Any CPU
		{0B665BCB-298B-48C3-8B8E-B92DD3DD5EA2}.Debug|x64.Build.0 = Debug|Any CPU
		{0B665BCB-298B-48C3-8B8E-B92DD3DD5EA2}.Debug|x86.ActiveCfg = Debug|Any CPU
		{0B665BCB-298B-48C3-8B8E-B92DD3DD5EA2}.Debug|x86.Build.0 = Debug|Any CPU
		{0B665BCB-298B-48C3-8B8E-B92DD3DD5EA2}.Release|Any CPU.ActiveCfg = Release|Any CPU
		{0B665BCB-298B-48C3-8B8E-B92DD3DD5EA2}.Release|Any CPU.Build.0 = Release|Any CPU
		{0B665BCB-298B-48C3-8B8E-B92DD3DD5EA2}.Release|x64.ActiveCfg = Release|Any CPU
		{0B665BCB-298B-48C3-8B8E-B92DD3DD5EA2}.Release|x64.Build.0 = Release|Any CPU
		{0B665BCB-298B-48C3-8B8E-B92DD3DD5EA2}.Release|x86.ActiveCfg = Release|Any CPU
		{0B665BCB-298B-48C3-8B8E-B92DD3DD5EA2}.Release|x86.Build.0 = Release|Any CPU
		{A9FCD795-F3A1-4E27-974D-C592E9B2453B}.Debug|Any CPU.ActiveCfg = Debug|Any CPU
		{A9FCD795-F3A1-4E27-974D-C592E9B2453B}.Debug|Any CPU.Build.0 = Debug|Any CPU
		{A9FCD795-F3A1-4E27-974D-C592E9B2453B}.Debug|x64.ActiveCfg = Debug|Any CPU
		{A9FCD795-F3A1-4E27-974D-C592E9B2453B}.Debug|x64.Build.0 = Debug|Any CPU
		{A9FCD795-F3A1-4E27-974D-C592E9B2453B}.Debug|x86.ActiveCfg = Debug|Any CPU
		{A9FCD795-F3A1-4E27-974D-C592E9B2453B}.Debug|x86.Build.0 = Debug|Any CPU
		{A9FCD795-F3A1-4E27-974D-C592E9B2453B}.Release|Any CPU.ActiveCfg = Release|Any CPU
		{A9FCD795-F3A1-4E27-974D-C592E9B2453B}.Release|Any CPU.Build.0 = Release|Any CPU
		{A9FCD795-F3A1-4E27-974D-C592E9B2453B}.Release|x64.ActiveCfg = Release|Any CPU
		{A9FCD795-F3A1-4E27-974D-C592E9B2453B}.Release|x64.Build.0 = Release|Any CPU
		{A9FCD795-F3A1-4E27-974D-C592E9B2453B}.Release|x86.ActiveCfg = Release|Any CPU
		{A9FCD795-F3A1-4E27-974D-C592E9B2453B}.Release|x86.Build.0 = Release|Any CPU
		{13D4AFDD-3620-4065-A283-709C85DD23EE}.Debug|Any CPU.ActiveCfg = Debug|Any CPU
		{13D4AFDD-3620-4065-A283-709C85DD23EE}.Debug|Any CPU.Build.0 = Debug|Any CPU
		{13D4AFDD-3620-4065-A283-709C85DD23EE}.Debug|x64.ActiveCfg = Debug|Any CPU
		{13D4AFDD-3620-4065-A283-709C85DD23EE}.Debug|x64.Build.0 = Debug|Any CPU
		{13D4AFDD-3620-4065-A283-709C85DD23EE}.Debug|x86.ActiveCfg = Debug|Any CPU
		{13D4AFDD-3620-4065-A283-709C85DD23EE}.Debug|x86.Build.0 = Debug|Any CPU
		{13D4AFDD-3620-4065-A283-709C85DD23EE}.Release|Any CPU.ActiveCfg = Release|Any CPU
		{13D4AFDD-3620-4065-A283-709C85DD23EE}.Release|Any CPU.Build.0 = Release|Any CPU
		{13D4AFDD-3620-4065-A283-709C85DD23EE}.Release|x64.ActiveCfg = Release|Any CPU
		{13D4AFDD-3620-4065-A283-709C85DD23EE}.Release|x64.Build.0 = Release|Any CPU
		{13D4AFDD-3620-4065-A283-709C85DD23EE}.Release|x86.ActiveCfg = Release|Any CPU
		{13D4AFDD-3620-4065-A283-709C85DD23EE}.Release|x86.Build.0 = Release|Any CPU
		{EF148F9C-ED9B-4B14-A74F-05E66AECB2C7}.Debug|Any CPU.ActiveCfg = Debug|Any CPU
		{EF148F9C-ED9B-4B14-A74F-05E66AECB2C7}.Debug|Any CPU.Build.0 = Debug|Any CPU
		{EF148F9C-ED9B-4B14-A74F-05E66AECB2C7}.Debug|x64.ActiveCfg = Debug|Any CPU
		{EF148F9C-ED9B-4B14-A74F-05E66AECB2C7}.Debug|x64.Build.0 = Debug|Any CPU
		{EF148F9C-ED9B-4B14-A74F-05E66AECB2C7}.Debug|x86.ActiveCfg = Debug|Any CPU
		{EF148F9C-ED9B-4B14-A74F-05E66AECB2C7}.Debug|x86.Build.0 = Debug|Any CPU
		{EF148F9C-ED9B-4B14-A74F-05E66AECB2C7}.Release|Any CPU.ActiveCfg = Release|Any CPU
		{EF148F9C-ED9B-4B14-A74F-05E66AECB2C7}.Release|Any CPU.Build.0 = Release|Any CPU
		{EF148F9C-ED9B-4B14-A74F-05E66AECB2C7}.Release|x64.ActiveCfg = Release|Any CPU
		{EF148F9C-ED9B-4B14-A74F-05E66AECB2C7}.Release|x64.Build.0 = Release|Any CPU
		{EF148F9C-ED9B-4B14-A74F-05E66AECB2C7}.Release|x86.ActiveCfg = Release|Any CPU
		{EF148F9C-ED9B-4B14-A74F-05E66AECB2C7}.Release|x86.Build.0 = Release|Any CPU
		{FB4AEF56-72AA-41DC-9138-49219B16C012}.Debug|Any CPU.ActiveCfg = Debug|Any CPU
		{FB4AEF56-72AA-41DC-9138-49219B16C012}.Debug|Any CPU.Build.0 = Debug|Any CPU
		{FB4AEF56-72AA-41DC-9138-49219B16C012}.Debug|x64.ActiveCfg = Debug|Any CPU
		{FB4AEF56-72AA-41DC-9138-49219B16C012}.Debug|x64.Build.0 = Debug|Any CPU
		{FB4AEF56-72AA-41DC-9138-49219B16C012}.Debug|x86.ActiveCfg = Debug|Any CPU
		{FB4AEF56-72AA-41DC-9138-49219B16C012}.Debug|x86.Build.0 = Debug|Any CPU
		{FB4AEF56-72AA-41DC-9138-49219B16C012}.Release|Any CPU.ActiveCfg = Release|Any CPU
		{FB4AEF56-72AA-41DC-9138-49219B16C012}.Release|Any CPU.Build.0 = Release|Any CPU
		{FB4AEF56-72AA-41DC-9138-49219B16C012}.Release|x64.ActiveCfg = Release|Any CPU
		{FB4AEF56-72AA-41DC-9138-49219B16C012}.Release|x64.Build.0 = Release|Any CPU
		{FB4AEF56-72AA-41DC-9138-49219B16C012}.Release|x86.ActiveCfg = Release|Any CPU
		{FB4AEF56-72AA-41DC-9138-49219B16C012}.Release|x86.Build.0 = Release|Any CPU
	EndGlobalSection
	GlobalSection(SolutionProperties) = preSolution
		HideSolutionNode = FALSE
	EndGlobalSection
EndGlobal
