<Solution>
  <Project Path="backend/SkyRoute.API/SkyRoute.API.csproj" />
  <Project Path="backend/SkyRoute.Application/SkyRoute.Application.csproj" />
  <Project Path="backend/SkyRoute.Domain/SkyRoute.Domain.csproj" />
  <Project Path="backend/SkyRoute.Infrastructure/SkyRoute.Infrastructure.csproj" />
  <Project Path="backend/SkyRoute.Tests/SkyRoute.Tests.csproj" />
</Solution>
